# This file is automatically @generated by Cargo.
# It is not intended for manual editing.
version = 4

[[package]]
name = "faiss"
version = "0.12.1"
source = "registry+https://github.com/rust-lang/crates.io-index"
checksum = "b3ffe048432786028b0a30aa1d13e10e08ced380439ba4a83fe5c227d2dd9733"
dependencies = [
 "faiss-sys",
]

[[package]]
name = "faiss-sys"
version = "0.6.2"
source = "registry+https://github.com/rust-lang/crates.io-index"
checksum = "4b9c008fc56422bf34357f17226d9c5a5c2ef6245b4774759c5f67112e46915e"

[[package]]
name = "vector_db"
version = "0.1.0"
dependencies = [
 "faiss",
]
